// !$*UTF8*$!
{
	archiveVersion = 1;
	classes = {
	};
	objectVersion = 50;
	objects = {

/* Begin PBXBuildFile section */
		50E7FCC12525921B009AC958 /* libkmod.a in Frameworks */ = {isa = PBXBuildFile; fileRef = 50E7FCC02525921B009AC958 /* libkmod.a */; };
		F834E419237C20FF000CB269 /* IntelBluetoothFirmware.hpp in Headers */ = {isa = PBXBuildFile; fileRef = F834E418237C20FF000CB269 /* IntelBluetoothFirmware.hpp */; };
		F834E41B237C20FF000CB269 /* IntelBluetoothFirmware.cpp in Sources */ = {isa = PBXBuildFile; fileRef = F834E41A237C20FF000CB269 /* IntelBluetoothFirmware.cpp */; };
		50B2517B255FD4DF005B50EB /* FwBinary.cpp in Sources */ = {isa = PBXBuildFile; fileRef = 50B2517A255FD4DF005B50EB /* FwBinary.cpp */; };
		F8C3BFCE2380DB0D006000F5 /* BtIntel.cpp in Sources */ = {isa = PBXBuildFile; fileRef = F8C3BFCD2380DB0D006000F5 /* BtIntel.cpp */; };
/* End PBXBuildFile section */

/* Begin PBXFileReference section */
		50575CF4252736AD00445985 /* LICENSE */ = {isa = PBXFileReference; lastKnownFileType = text; path = LICENSE; sourceTree = "<group>"; };
		50575CF5252736CB00445985 /* README.md */ = {isa = PBXFileReference; lastKnownFileType = net.daringfireball.markdown; path = README.md; sourceTree = "<group>"; };
		50575CF6252736DD00445985 /* iwlwifi-firmware-license */ = {isa = PBXFileReference; lastKnownFileType = text; path = "iwlwifi-firmware-license"; sourceTree = "<group>"; };
		50E7FCC02525921B009AC958 /* libkmod.a */ = {isa = PBXFileReference; lastKnownFileType = archive.ar; name = libkmod.a; path = MacKernelSDK/Library/x86_64/libkmod.a; sourceTree = "<group>"; };
		F834911923AF9B3C00551995 /* FwData.h */ = {isa = PBXFileReference; lastKnownFileType = sourcecode.c.h; path = FwData.h; sourceTree = "<group>"; };
		F834E415237C20FF000CB269 /* IntelBluetoothFirmware.kext */ = {isa = PBXFileReference; explicitFileType = wrapper.cfbundle; includeInIndex = 0; path = IntelBluetoothFirmware.kext; sourceTree = BUILT_PRODUCTS_DIR; };
		F834E418237C20FF000CB269 /* IntelBluetoothFirmware.hpp */ = {isa = PBXFileReference; lastKnownFileType = sourcecode.cpp.h; path = IntelBluetoothFirmware.hpp; sourceTree = "<group>"; };
		F834E41A237C20FF000CB269 /* IntelBluetoothFirmware.cpp */ = {isa = PBXFileReference; lastKnownFileType = sourcecode.cpp.cpp; path = IntelBluetoothFirmware.cpp; sourceTree = "<group>"; };
		F834E41C237C20FF000CB269 /* Info.plist */ = {isa = PBXFileReference; lastKnownFileType = text.plist.xml; path = Info.plist; sourceTree = "<group>"; };
		F8BD1B3C2396ACAB0088EBE4 /* Log.h */ = {isa = PBXFileReference; lastKnownFileType = sourcecode.c.h; path = Log.h; sourceTree = "<group>"; };
		50B2517A255FD4DF005B50EB /* FwBinary.cpp */ = {isa = PBXFileReference; lastKnownFileType = sourcecode.cpp.cpp; name = FwBinary.cpp; path = IntelBluetoothFirmware/FwBinary.cpp; sourceTree = "<group>"; };
		F8C3BFCC2380DA75006000F5 /* BtIntel.h */ = {isa = PBXFileReference; lastKnownFileType = sourcecode.c.h; path = BtIntel.h; sourceTree = "<group>"; };
		F8C3BFCD2380DB0D006000F5 /* BtIntel.cpp */ = {isa = PBXFileReference; lastKnownFileType = sourcecode.cpp.cpp; path = BtIntel.cpp; sourceTree = "<group>"; };
		F8C3BFCF2380E5FC006000F5 /* Hci.h */ = {isa = PBXFileReference; lastKnownFileType = sourcecode.c.h; path = Hci.h; sourceTree = "<group>"; };
		F8F636112406C4AA00497626 /* IntelBluetoothInjector.kext */ = {isa = PBXFileReference; explicitFileType = wrapper.cfbundle; includeInIndex = 0; path = IntelBluetoothInjector.kext; sourceTree = BUILT_PRODUCTS_DIR; };
		F8F636172406C4AA00497626 /* Info.plist */ = {isa = PBXFileReference; lastKnownFileType = text.plist.xml; path = Info.plist; sourceTree = "<group>"; };
/* End PBXFileReference section */

/* Begin PBXFrameworksBuildPhase section */
		F834E412237C20FF000CB269 /* Frameworks */ = {
			isa = PBXFrameworksBuildPhase;
			buildActionMask = 2147483647;
			files = (
				50E7FCC12525921B009AC958 /* libkmod.a in Frameworks */,
			);
			runOnlyForDeploymentPostprocessing = 0;
		};
/* End PBXFrameworksBuildPhase section */

/* Begin PBXGroup section */
		50E7FCBF2525921B009AC958 /* Frameworks */ = {
			isa = PBXGroup;
			children = (
				50E7FCC02525921B009AC958 /* libkmod.a */,
			);
			name = Frameworks;
			sourceTree = "<group>";
		};
		F834E40B237C20FF000CB269 = {
			isa = PBXGroup;
			children = (
				50575CF5252736CB00445985 /* README.md */,
				50575CF4252736AD00445985 /* LICENSE */,
				50575CF6252736DD00445985 /* iwlwifi-firmware-license */,
				F834E417237C20FF000CB269 /* IntelBluetoothFirmware */,
				F8F636122406C4AA00497626 /* IntelBluetoothInjector */,
				F834E416237C20FF000CB269 /* Products */,
				50E7FCBF2525921B009AC958 /* Frameworks */,
			);
			sourceTree = "<group>";
		};
		F834E416237C20FF000CB269 /* Products */ = {
			isa = PBXGroup;
			children = (
				F834E415237C20FF000CB269 /* IntelBluetoothFirmware.kext */,
				F8F636112406C4AA00497626 /* IntelBluetoothInjector.kext */,
			);
			name = Products;
			sourceTree = "<group>";
		};
		F834E417237C20FF000CB269 /* IntelBluetoothFirmware */ = {
			isa = PBXGroup;
			children = (
				F8C3BFCD2380DB0D006000F5 /* BtIntel.cpp */,
				F8C3BFCC2380DA75006000F5 /* BtIntel.h */,
				F834911923AF9B3C00551995 /* FwData.h */,
				F8C3BFCF2380E5FC006000F5 /* Hci.h */,
				F834E41A237C20FF000CB269 /* IntelBluetoothFirmware.cpp */,
				F834E418237C20FF000CB269 /* IntelBluetoothFirmware.hpp */,
				F8BD1B3C2396ACAB0088EBE4 /* Log.h */,
				F834E41C237C20FF000CB269 /* Info.plist */,
			);
			path = IntelBluetoothFirmware;
			sourceTree = "<group>";
		};
		F8F636122406C4AA00497626 /* IntelBluetoothInjector */ = {
			isa = PBXGroup;
			children = (
				F8F636172406C4AA00497626 /* Info.plist */,
			);
			path = IntelBluetoothInjector;
			sourceTree = "<group>";
		};
/* End PBXGroup section */

/* Begin PBXHeadersBuildPhase section */
		F834E410237C20FF000CB269 /* Headers */ = {
			isa = PBXHeadersBuildPhase;
			buildActionMask = 2147483647;
			files = (
				F834E419237C20FF000CB269 /* IntelBluetoothFirmware.hpp in Headers */,
			);
			runOnlyForDeploymentPostprocessing = 0;
		};
/* End PBXHeadersBuildPhase section */

/* Begin PBXNativeTarget section */
		F834E414237C20FF000CB269 /* IntelBluetoothFirmware */ = {
			isa = PBXNativeTarget;
			buildConfigurationList = F834E41F237C20FF000CB269 /* Build configuration list for PBXNativeTarget "IntelBluetoothFirmware" */;
			buildPhases = (
				50575CF32526E44A00445985 /* Generate Firmware */,
				F834E410237C20FF000CB269 /* Headers */,
				F834E411237C20FF000CB269 /* Sources */,
				F834E412237C20FF000CB269 /* Frameworks */,
			);
			buildRules = (
			);
			dependencies = (
			);
			name = IntelBluetoothFirmware;
			productName = IntelBluetoothFirmware;
			productReference = F834E415237C20FF000CB269 /* IntelBluetoothFirmware.kext */;
			productType = "com.apple.product-type.kernel-extension";
		};
		F8F636102406C4AA00497626 /* IntelBluetoothInjector */ = {
			isa = PBXNativeTarget;
			buildConfigurationList = F8F636182406C4AA00497626 /* Build configuration list for PBXNativeTarget "IntelBluetoothInjector" */;
			buildPhases = (
			);
			buildRules = (
			);
			dependencies = (
			);
			name = IntelBluetoothInjector;
			productName = IntelBluetoothInjector;
			productReference = F8F636112406C4AA00497626 /* IntelBluetoothInjector.kext */;
			productType = "com.apple.product-type.kernel-extension";
		};
/* End PBXNativeTarget section */

/* Begin PBXProject section */
		F834E40C237C20FF000CB269 /* Project object */ = {
			isa = PBXProject;
			attributes = {
				LastUpgradeCheck = 1110;
				ORGANIZATIONNAME = zxystd;
				TargetAttributes = {
					F834E414237C20FF000CB269 = {
						CreatedOnToolsVersion = 11.1;
					};
					F8F636102406C4AA00497626 = {
						CreatedOnToolsVersion = 11.1;
					};
				};
			};
			buildConfigurationList = F834E40F237C20FF000CB269 /* Build configuration list for PBXProject "IntelBluetoothFirmware" */;
			compatibilityVersion = "Xcode 9.3";
			developmentRegion = en;
			hasScannedForEncodings = 0;
			knownRegions = (
				en,
				Base,
			);
			mainGroup = F834E40B237C20FF000CB269;
			productRefGroup = F834E416237C20FF000CB269 /* Products */;
			projectDirPath = "";
			projectRoot = "";
			targets = (
				F834E414237C20FF000CB269 /* IntelBluetoothFirmware */,
				F8F636102406C4AA00497626 /* IntelBluetoothInjector */,
			);
		};
/* End PBXProject section */

/* Begin PBXShellScriptBuildPhase section */
		50575CF32526E44A00445985 /* Generate Firmware */ = {
			isa = PBXShellScriptBuildPhase;
			buildActionMask = 2147483647;
			files = (
			);
			inputFileListPaths = (
			);
			inputPaths = (
			);
			name = "Generate Firmware";
			outputFileListPaths = (
			);
			outputPaths = (
				"$(PROJECT_DIR)/IntelBluetoothFirmware/FwBinary.cpp",
			);
			runOnlyForDeploymentPostprocessing = 0;
			shellPath = /bin/bash;
			shellScript = "#!/bin/bash\n\n#  fw_gen.sh\n#  IntelBluetoothFirmware\n#\n#  Created by qcwap on 2020/2/26.\n#  Copyright © 2020 钟先耀. All rights reserved.\n\ntarget_file=\"${PROJECT_DIR}\"/IntelBluetoothFirmware/FwBinary.cpp\nfw_files=\"${PROJECT_DIR}/IntelBluetoothFirmware/fw/*.*\"\n\nrm -rf \"$target_file\"\n\n{\n    echo \"//  IntelBluetoothFirmware\\n\\n//  Copyright © 2020 钟先耀. All rights reserved.\"\n    echo \"#include \\\"FwData.h\\\"\"\n} >> \"$target_file\"\n\nfind \"${PROJECT_DIR}/IntelBluetoothFirmware/fw\" -iname '*.*' | while read -r fw ; do\n    fw_file_name=\"$(basename \"${fw}\")\"\n    fw_var_name=\"${fw_file_name//./_}\"\n    fw_var_name=\"${fw_var_name//-/_}\"\n    {\n        echo \"\"\n        echo \"const unsigned char ${fw_var_name}[] = {\"\n        xxd -i <\"$fw\"\n        echo \"};\"\n        echo \"\"\n        echo \"const long int ${fw_var_name}_size = sizeof(${fw_var_name});\"\n    } >> \"$target_file\"\ndone\n\n{\n    echo \"\"\n    echo \"const struct FwDesc fwList[] = {\"\n} >> \"$target_file\"\n\ni=0\nwhile read -r fw ; do\n    fw_file_name=\"$(basename \"$fw\")\"\n    fw_var_name=\"${fw_file_name//./_}\"\n    fw_var_name=\"${fw_var_name//-/_}\"\n    echo \"{IBT_FW(\\\"$fw_file_name\\\", $fw_var_name, ${fw_var_name}_size)},\" >> \"$target_file\"\n    ((i++))\ndone < <(find \"${PROJECT_DIR}/IntelBluetoothFirmware/fw\" -iname '*.*')\n\n{\n    echo \"};\"\n    echo \"\"\n    echo \"const int fwNumber = $i;\"\n} >> \"$target_file\"\n";
		};
/* End PBXShellScriptBuildPhase section */

/* Begin PBXSourcesBuildPhase section */
		F834E411237C20FF000CB269 /* Sources */ = {
			isa = PBXSourcesBuildPhase;
			buildActionMask = 2147483647;
			files = (
				50B2517B255FD4DF005B50EB /* FwBinary.cpp in Sources */,
				F8C3BFCE2380DB0D006000F5 /* BtIntel.cpp in Sources */,
				F834E41B237C20FF000CB269 /* IntelBluetoothFirmware.cpp in Sources */,
			);
			runOnlyForDeploymentPostprocessing = 0;
		};
/* End PBXSourcesBuildPhase section */

/* Begin XCBuildConfiguration section */
		F834E41D237C20FF000CB269 /* Debug */ = {
			isa = XCBuildConfiguration;
			buildSettings = {
				ALWAYS_SEARCH_USER_PATHS = NO;
				ARCHS = x86_64;
				CLANG_ANALYZER_NONNULL = YES;
				CLANG_ANALYZER_NUMBER_OBJECT_CONVERSION = YES_AGGRESSIVE;
				CLANG_CXX_LANGUAGE_STANDARD = "gnu++14";
				CLANG_CXX_LIBRARY = "libc++";
				CLANG_ENABLE_MODULES = YES;
				CLANG_ENABLE_OBJC_ARC = YES;
				CLANG_ENABLE_OBJC_WEAK = YES;
				CLANG_WARN_BLOCK_CAPTURE_AUTORELEASING = YES;
				CLANG_WARN_BOOL_CONVERSION = YES;
				CLANG_WARN_COMMA = YES;
				CLANG_WARN_CONSTANT_CONVERSION = YES;
				CLANG_WARN_DEPRECATED_OBJC_IMPLEMENTATIONS = YES;
				CLANG_WARN_DIRECT_OBJC_ISA_USAGE = YES_ERROR;
				CLANG_WARN_EMPTY_BODY = YES;
				CLANG_WARN_ENUM_CONVERSION = YES;
				CLANG_WARN_INFINITE_RECURSION = YES;
				CLANG_WARN_INT_CONVERSION = YES;
				CLANG_WARN_NON_LITERAL_NULL_CONVERSION = YES;
				CLANG_WARN_OBJC_IMPLICIT_RETAIN_SELF = YES;
				CLANG_WARN_OBJC_LITERAL_CONVERSION = YES;
				CLANG_WARN_OBJC_ROOT_CLASS = YES_ERROR;
				CLANG_WARN_RANGE_LOOP_ANALYSIS = YES;
				CLANG_WARN_STRICT_PROTOTYPES = YES;
				CLANG_WARN_SUSPICIOUS_MOVE = YES;
				CLANG_WARN_UNGUARDED_AVAILABILITY = YES_AGGRESSIVE;
				CLANG_WARN_UNREACHABLE_CODE = YES;
				CLANG_WARN__DUPLICATE_METHOD_MATCH = YES;
				CODE_SIGN_IDENTITY = "";
				CODE_SIGN_STYLE = Manual;
				COPY_PHASE_STRIP = NO;
				DEBUG_INFORMATION_FORMAT = dwarf;
				ENABLE_STRICT_OBJC_MSGSEND = YES;
				ENABLE_TESTABILITY = YES;
				GCC_C_LANGUAGE_STANDARD = gnu11;
				GCC_NO_COMMON_BLOCKS = YES;
				GCC_OPTIMIZATION_LEVEL = 0;
				GCC_PREPROCESSOR_DEFINITIONS = (
					"DEBUG=1",
					"$(inherited)",
				);
				GCC_WARN_64_TO_32_BIT_CONVERSION = YES;
				GCC_WARN_ABOUT_DEPRECATED_FUNCTIONS = NO;
				GCC_WARN_ABOUT_RETURN_TYPE = YES_ERROR;
				GCC_WARN_UNDECLARED_SELECTOR = YES;
				GCC_WARN_UNINITIALIZED_AUTOS = YES_AGGRESSIVE;
				GCC_WARN_UNUSED_FUNCTION = YES;
				GCC_WARN_UNUSED_VARIABLE = YES;
				MACOSX_DEPLOYMENT_TARGET = 10.12;
				MTL_ENABLE_DEBUG_INFO = INCLUDE_SOURCE;
				MTL_FAST_MATH = YES;
				SDKROOT = macosx;
				WRAPPER_EXTENSION = kext;
			};
			name = Debug;
		};
		F834E41E237C20FF000CB269 /* Release */ = {
			isa = XCBuildConfiguration;
			buildSettings = {
				ALWAYS_SEARCH_USER_PATHS = NO;
				ARCHS = x86_64;
				CLANG_ANALYZER_NONNULL = YES;
				CLANG_ANALYZER_NUMBER_OBJECT_CONVERSION = YES_AGGRESSIVE;
				CLANG_CXX_LANGUAGE_STANDARD = "gnu++14";
				CLANG_CXX_LIBRARY = "libc++";
				CLANG_ENABLE_MODULES = YES;
				CLANG_ENABLE_OBJC_ARC = YES;
				CLANG_ENABLE_OBJC_WEAK = YES;
				CLANG_WARN_BLOCK_CAPTURE_AUTORELEASING = YES;
				CLANG_WARN_BOOL_CONVERSION = YES;
				CLANG_WARN_COMMA = YES;
				CLANG_WARN_CONSTANT_CONVERSION = YES;
				CLANG_WARN_DEPRECATED_OBJC_IMPLEMENTATIONS = YES;
				CLANG_WARN_DIRECT_OBJC_ISA_USAGE = YES_ERROR;
				CLANG_WARN_EMPTY_BODY = YES;
				CLANG_WARN_ENUM_CONVERSION = YES;
				CLANG_WARN_INFINITE_RECURSION = YES;
				CLANG_WARN_INT_CONVERSION = YES;
				CLANG_WARN_NON_LITERAL_NULL_CONVERSION = YES;
				CLANG_WARN_OBJC_IMPLICIT_RETAIN_SELF = YES;
				CLANG_WARN_OBJC_LITERAL_CONVERSION = YES;
				CLANG_WARN_OBJC_ROOT_CLASS = YES_ERROR;
				CLANG_WARN_RANGE_LOOP_ANALYSIS = YES;
				CLANG_WARN_STRICT_PROTOTYPES = YES;
				CLANG_WARN_SUSPICIOUS_MOVE = YES;
				CLANG_WARN_UNGUARDED_AVAILABILITY = YES_AGGRESSIVE;
				CLANG_WARN_UNREACHABLE_CODE = YES;
				CLANG_WARN__DUPLICATE_METHOD_MATCH = YES;
				CODE_SIGN_IDENTITY = "";
				CODE_SIGN_STYLE = Manual;
				COPY_PHASE_STRIP = NO;
				DEBUG_INFORMATION_FORMAT = "dwarf-with-dsym";
				ENABLE_NS_ASSERTIONS = NO;
				ENABLE_STRICT_OBJC_MSGSEND = YES;
				GCC_C_LANGUAGE_STANDARD = gnu11;
				GCC_NO_COMMON_BLOCKS = YES;
				GCC_WARN_64_TO_32_BIT_CONVERSION = YES;
				GCC_WARN_ABOUT_DEPRECATED_FUNCTIONS = NO;
				GCC_WARN_ABOUT_RETURN_TYPE = YES_ERROR;
				GCC_WARN_UNDECLARED_SELECTOR = YES;
				GCC_WARN_UNINITIALIZED_AUTOS = YES_AGGRESSIVE;
				GCC_WARN_UNUSED_FUNCTION = YES;
				GCC_WARN_UNUSED_VARIABLE = YES;
				MACOSX_DEPLOYMENT_TARGET = 10.12;
				MTL_ENABLE_DEBUG_INFO = NO;
				MTL_FAST_MATH = YES;
				SDKROOT = macosx;
				WRAPPER_EXTENSION = kext;
			};
			name = Release;
		};
		F834E420237C20FF000CB269 /* Debug */ = {
			isa = XCBuildConfiguration;
			buildSettings = {
				CURRENT_PROJECT_VERSION = "$(MODULE_VERSION)";
				INFOPLIST_FILE = IntelBluetoothFirmware/Info.plist;
				KERNEL_EXTENSION_HEADER_SEARCH_PATHS = "$(PROJECT_DIR)/MacKernelSDK/Headers";
				KERNEL_FRAMEWORK_HEADERS = "$(PROJECT_DIR)/MacKernelSDK/Headers";
				LIBRARY_SEARCH_PATHS = (
					"$(inherited)",
					"$(PROJECT_DIR)/MacKernelSDK/Library/x86_64",
				);
				MODULE_NAME = com.zxystd.IntelBluetoothFirmware;
				MODULE_VERSION = 1.1.2;
				PRODUCT_BUNDLE_IDENTIFIER = com.zxystd.IntelBluetoothFirmware;
				PRODUCT_NAME = "$(TARGET_NAME)";
			};
			name = Debug;
		};
		F834E421237C20FF000CB269 /* Release */ = {
			isa = XCBuildConfiguration;
			buildSettings = {
				CURRENT_PROJECT_VERSION = "$(MODULE_VERSION)";
				INFOPLIST_FILE = IntelBluetoothFirmware/Info.plist;
				KERNEL_EXTENSION_HEADER_SEARCH_PATHS = "$(PROJECT_DIR)/MacKernelSDK/Headers";
				KERNEL_FRAMEWORK_HEADERS = "$(PROJECT_DIR)/MacKernelSDK/Headers";
				LIBRARY_SEARCH_PATHS = (
					"$(inherited)",
					"$(PROJECT_DIR)/MacKernelSDK/Library/x86_64",
				);
				MODULE_NAME = com.zxystd.IntelBluetoothFirmware;
				MODULE_VERSION = 1.1.2;
				PRODUCT_BUNDLE_IDENTIFIER = com.zxystd.IntelBluetoothFirmware;
				PRODUCT_NAME = "$(TARGET_NAME)";
			};
			name = Release;
		};
		F8F636192406C4AA00497626 /* Debug */ = {
			isa = XCBuildConfiguration;
			buildSettings = {
				CODE_SIGNING_ALLOWED = NO;
				CURRENT_PROJECT_VERSION = "$(MODULE_VERSION)";
				INFOPLIST_FILE = IntelBluetoothInjector/Info.plist;
				MODULE_NAME = com.zxystd.IntelBluetoothInjector;
				MODULE_VERSION = 1.1.2;
				PRODUCT_BUNDLE_IDENTIFIER = com.zxystd.IntelBluetoothInjector;
				PRODUCT_NAME = "$(TARGET_NAME)";
			};
			name = Debug;
		};
		F8F6361A2406C4AA00497626 /* Release */ = {
			isa = XCBuildConfiguration;
			buildSettings = {
				CODE_SIGNING_ALLOWED = NO;
				CURRENT_PROJECT_VERSION = "$(MODULE_VERSION)";
				INFOPLIST_FILE = IntelBluetoothInjector/Info.plist;
				MODULE_NAME = com.zxystd.IntelBluetoothInjector;
				MODULE_VERSION = 1.1.2;
				PRODUCT_BUNDLE_IDENTIFIER = com.zxystd.IntelBluetoothInjector;
				PRODUCT_NAME = "$(TARGET_NAME)";
			};
			name = Release;
		};
/* End XCBuildConfiguration section */

/* Begin XCConfigurationList section */
		F834E40F237C20FF000CB269 /* Build configuration list for PBXProject "IntelBluetoothFirmware" */ = {
			isa = XCConfigurationList;
			buildConfigurations = (
				F834E41D237C20FF000CB269 /* Debug */,
				F834E41E237C20FF000CB269 /* Release */,
			);
			defaultConfigurationIsVisible = 0;
			defaultConfigurationName = Release;
		};
		F834E41F237C20FF000CB269 /* Build configuration list for PBXNativeTarget "IntelBluetoothFirmware" */ = {
			isa = XCConfigurationList;
			buildConfigurations = (
				F834E420237C20FF000CB269 /* Debug */,
				F834E421237C20FF000CB269 /* Release */,
			);
			defaultConfigurationIsVisible = 0;
			defaultConfigurationName = Release;
		};
		F8F636182406C4AA00497626 /* Build configuration list for PBXNativeTarget "IntelBluetoothInjector" */ = {
			isa = XCConfigurationList;
			buildConfigurations = (
				F8F636192406C4AA00497626 /* Debug */,
				F8F6361A2406C4AA00497626 /* Release */,
			);
			defaultConfigurationIsVisible = 0;
			defaultConfigurationName = Release;
		};
/* End XCConfigurationList section */
	};
	rootObject = F834E40C237C20FF000CB269 /* Project object */;
}
