// !$*UTF8*$!
{
	archiveVersion = 1;
	classes = {
	};
	objectVersion = 50;
	objects = {

/* Begin PBXBuildFile section */
		F834E419237C20FF000CB269 /* IntelBluetoothFirmware.hpp in Headers */ = {isa = PBXBuildFile; fileRef = F834E418237C20FF000CB269 /* IntelBluetoothFirmware.hpp */; };
		F834E41B237C20FF000CB269 /* IntelBluetoothFirmware.cpp in Sources */ = {isa = PBXBuildFile; fileRef = F834E41A237C20FF000CB269 /* IntelBluetoothFirmware.cpp */; };
		F8C2411A2406C1160034107D /* FwBinary.cpp in Sources */ = {isa = PBXBuildFile; fileRef = F8C241192406C1160034107D /* FwBinary.cpp */; };
		F8C3BFCE2380DB0D006000F5 /* BtIntel.cpp in Sources */ = {isa = PBXBuildFile; fileRef = F8C3BFCD2380DB0D006000F5 /* BtIntel.cpp */; };
/* End PBXBuildFile section */

/* Begin PBXFileReference section */
		F831F10D2406AD0300DD1390 /* fw_gen.sh */ = {isa = PBXFileReference; lastKnownFileType = text.script.sh; path = fw_gen.sh; sourceTree = "<group>"; };
		F834911923AF9B3C00551995 /* FWData.h */ = {isa = PBXFileReference; lastKnownFileType = sourcecode.c.h; path = FWData.h; sourceTree = "<group>"; };
		F834E415237C20FF000CB269 /* IntelBluetoothFirmware.kext */ = {isa = PBXFileReference; explicitFileType = wrapper.cfbundle; includeInIndex = 0; path = IntelBluetoothFirmware.kext; sourceTree = BUILT_PRODUCTS_DIR; };
		F834E418237C20FF000CB269 /* IntelBluetoothFirmware.hpp */ = {isa = PBXFileReference; lastKnownFileType = sourcecode.cpp.h; path = IntelBluetoothFirmware.hpp; sourceTree = "<group>"; };
		F834E41A237C20FF000CB269 /* IntelBluetoothFirmware.cpp */ = {isa = PBXFileReference; lastKnownFileType = sourcecode.cpp.cpp; path = IntelBluetoothFirmware.cpp; sourceTree = "<group>"; };
		F834E41C237C20FF000CB269 /* Info.plist */ = {isa = PBXFileReference; lastKnownFileType = text.plist.xml; path = Info.plist; sourceTree = "<group>"; };
		F8BD1B3C2396ACAB0088EBE4 /* Log.h */ = {isa = PBXFileReference; lastKnownFileType = sourcecode.c.h; path = Log.h; sourceTree = "<group>"; };
		F8C241192406C1160034107D /* FwBinary.cpp */ = {isa = PBXFileReference; lastKnownFileType = sourcecode.cpp.cpp; name = FwBinary.cpp; path = IntelBluetoothFirmware/FwBinary.cpp; sourceTree = "<group>"; };
		F8C2EC0F2407F448007A9422 /* ibt-18-16-1.sfi */ = {isa = PBXFileReference; lastKnownFileType = file; path = "ibt-18-16-1.sfi"; sourceTree = "<group>"; };
		F8C2EC102407F448007A9422 /* ibt-19-0-4.sfi */ = {isa = PBXFileReference; lastKnownFileType = file; path = "ibt-19-0-4.sfi"; sourceTree = "<group>"; };
		F8C2EC112407F448007A9422 /* ibt-20-0-3.sfi */ = {isa = PBXFileReference; lastKnownFileType = file; path = "ibt-20-0-3.sfi"; sourceTree = "<group>"; };
		F8C2EC122407F448007A9422 /* ibt-17-0-1.sfi */ = {isa = PBXFileReference; lastKnownFileType = file; path = "ibt-17-0-1.sfi"; sourceTree = "<group>"; };
		F8C2EC132407F448007A9422 /* ibt-19-32-0.sfi */ = {isa = PBXFileReference; lastKnownFileType = file; path = "ibt-19-32-0.sfi"; sourceTree = "<group>"; };
		F8C2EC142407F448007A9422 /* ibt-19-16-4.sfi */ = {isa = PBXFileReference; lastKnownFileType = file; path = "ibt-19-16-4.sfi"; sourceTree = "<group>"; };
		F8C2EC152407F448007A9422 /* ibt-19-0-1.sfi */ = {isa = PBXFileReference; lastKnownFileType = file; path = "ibt-19-0-1.sfi"; sourceTree = "<group>"; };
		F8C2EC162407F449007A9422 /* ibt-hw-37.8.10-fw-1.10.2.27.d.bseq */ = {isa = PBXFileReference; lastKnownFileType = file; path = "ibt-hw-37.8.10-fw-1.10.2.27.d.bseq"; sourceTree = "<group>"; };
		F8C2EC172407F449007A9422 /* ibt-17-2.sfi */ = {isa = PBXFileReference; lastKnownFileType = file; path = "ibt-17-2.sfi"; sourceTree = "<group>"; };
		F8C2EC182407F449007A9422 /* ibt-19-32-4.sfi */ = {isa = PBXFileReference; lastKnownFileType = file; path = "ibt-19-32-4.sfi"; sourceTree = "<group>"; };
		F8C2EC192407F449007A9422 /* ibt-19-32-1.sfi */ = {isa = PBXFileReference; lastKnownFileType = file; path = "ibt-19-32-1.sfi"; sourceTree = "<group>"; };
		F8C2EC1A2407F449007A9422 /* ibt-20-1-4.sfi */ = {isa = PBXFileReference; lastKnownFileType = file; path = "ibt-20-1-4.sfi"; sourceTree = "<group>"; };
		F8C2EC1B2407F449007A9422 /* ibt-17-1.sfi */ = {isa = PBXFileReference; lastKnownFileType = file; path = "ibt-17-1.sfi"; sourceTree = "<group>"; };
		F8C2EC1C2407F449007A9422 /* ibt-hw-37.7.10-fw-1.0.1.2d.d.bseq */ = {isa = PBXFileReference; lastKnownFileType = file; path = "ibt-hw-37.7.10-fw-1.0.1.2d.d.bseq"; sourceTree = "<group>"; };
		F8C2EC1D2407F449007A9422 /* ibt-19-240-4.sfi */ = {isa = PBXFileReference; lastKnownFileType = file; path = "ibt-19-240-4.sfi"; sourceTree = "<group>"; };
		F8C2EC1E2407F449007A9422 /* ibt-18-0-1.sfi */ = {isa = PBXFileReference; lastKnownFileType = file; path = "ibt-18-0-1.sfi"; sourceTree = "<group>"; };
		F8C2EC1F2407F44A007A9422 /* ibt-hw-37.7.10-fw-1.0.2.3.d.bseq */ = {isa = PBXFileReference; lastKnownFileType = file; path = "ibt-hw-37.7.10-fw-1.0.2.3.d.bseq"; sourceTree = "<group>"; };
		F8C2EC202407F44A007A9422 /* ibt-19-0-0.sfi */ = {isa = PBXFileReference; lastKnownFileType = file; path = "ibt-19-0-0.sfi"; sourceTree = "<group>"; };
		F8C2EC212407F44A007A9422 /* ibt-hw-37.7.bseq */ = {isa = PBXFileReference; lastKnownFileType = file; path = "ibt-hw-37.7.bseq"; sourceTree = "<group>"; };
		F8C2EC222407F44A007A9422 /* ibt-19-240-1.sfi */ = {isa = PBXFileReference; lastKnownFileType = file; path = "ibt-19-240-1.sfi"; sourceTree = "<group>"; };
		F8C2EC232407F44A007A9422 /* ibt-18-1.sfi */ = {isa = PBXFileReference; lastKnownFileType = file; path = "ibt-18-1.sfi"; sourceTree = "<group>"; };
		F8C2EC242407F44A007A9422 /* ibt-12-16.sfi */ = {isa = PBXFileReference; lastKnownFileType = file; path = "ibt-12-16.sfi"; sourceTree = "<group>"; };
		F8C2EC252407F44A007A9422 /* ibt-17-16-1.sfi */ = {isa = PBXFileReference; lastKnownFileType = file; path = "ibt-17-16-1.sfi"; sourceTree = "<group>"; };
		F8C2EC262407F44A007A9422 /* ibt-hw-37.7.10-fw-1.80.2.3.d.bseq */ = {isa = PBXFileReference; lastKnownFileType = file; path = "ibt-hw-37.7.10-fw-1.80.2.3.d.bseq"; sourceTree = "<group>"; };
		F8C2EC272407F44A007A9422 /* ibt-hw-37.8.10-fw-1.10.3.11.e.bseq */ = {isa = PBXFileReference; lastKnownFileType = file; path = "ibt-hw-37.8.10-fw-1.10.3.11.e.bseq"; sourceTree = "<group>"; };
		F8C2EC282407F44A007A9422 /* ibt-hw-37.8.bseq */ = {isa = PBXFileReference; lastKnownFileType = file; path = "ibt-hw-37.8.bseq"; sourceTree = "<group>"; };
		F8C2EC292407F44A007A9422 /* ibt-hw-37.7.10-fw-1.80.1.2d.d.bseq */ = {isa = PBXFileReference; lastKnownFileType = file; path = "ibt-hw-37.7.10-fw-1.80.1.2d.d.bseq"; sourceTree = "<group>"; };
		F8C2EC2A2407F44B007A9422 /* ibt-11-5.sfi */ = {isa = PBXFileReference; lastKnownFileType = file; path = "ibt-11-5.sfi"; sourceTree = "<group>"; };
		F8C2EC2B2407F44B007A9422 /* ibt-20-1-3.sfi */ = {isa = PBXFileReference; lastKnownFileType = file; path = "ibt-20-1-3.sfi"; sourceTree = "<group>"; };
		F8C2EC2C2407F44B007A9422 /* ibt-18-2.sfi */ = {isa = PBXFileReference; lastKnownFileType = file; path = "ibt-18-2.sfi"; sourceTree = "<group>"; };
		F8C2EC2D2407F44B007A9422 /* ibt-hw-37.8.10-fw-22.50.19.14.f.bseq */ = {isa = PBXFileReference; lastKnownFileType = file; path = "ibt-hw-37.8.10-fw-22.50.19.14.f.bseq"; sourceTree = "<group>"; };
		F8C3BFCC2380DA75006000F5 /* BtIntel.h */ = {isa = PBXFileReference; lastKnownFileType = sourcecode.c.h; path = BtIntel.h; sourceTree = "<group>"; };
		F8C3BFCD2380DB0D006000F5 /* BtIntel.cpp */ = {isa = PBXFileReference; lastKnownFileType = sourcecode.cpp.cpp; path = BtIntel.cpp; sourceTree = "<group>"; };
		F8C3BFCF2380E5FC006000F5 /* Hci.h */ = {isa = PBXFileReference; lastKnownFileType = sourcecode.c.h; path = Hci.h; sourceTree = "<group>"; };
		F8F636112406C4AA00497626 /* IntelBluetoothInjector.kext */ = {isa = PBXFileReference; explicitFileType = wrapper.cfbundle; includeInIndex = 0; path = IntelBluetoothInjector.kext; sourceTree = BUILT_PRODUCTS_DIR; };
		F8F636172406C4AA00497626 /* Info.plist */ = {isa = PBXFileReference; lastKnownFileType = text.plist.xml; path = Info.plist; sourceTree = "<group>"; };
/* End PBXFileReference section */

/* Begin PBXFrameworksBuildPhase section */
		F834E412237C20FF000CB269 /* Frameworks */ = {
			isa = PBXFrameworksBuildPhase;
			buildActionMask = 2147483647;
			files = (
			);
			runOnlyForDeploymentPostprocessing = 0;
		};
		F8F6360E2406C4AA00497626 /* Frameworks */ = {
			isa = PBXFrameworksBuildPhase;
			buildActionMask = 2147483647;
			files = (
			);
			runOnlyForDeploymentPostprocessing = 0;
		};
/* End PBXFrameworksBuildPhase section */

/* Begin PBXGroup section */
		F834E40B237C20FF000CB269 = {
			isa = PBXGroup;
			children = (
				F8C241192406C1160034107D /* FwBinary.cpp */,
				F831F10D2406AD0300DD1390 /* fw_gen.sh */,
				F834E417237C20FF000CB269 /* IntelBluetoothFirmware */,
				F8F636122406C4AA00497626 /* IntelBluetoothInjector */,
				F834E416237C20FF000CB269 /* Products */,
			);
			sourceTree = "<group>";
		};
		F834E416237C20FF000CB269 /* Products */ = {
			isa = PBXGroup;
			children = (
				F834E415237C20FF000CB269 /* IntelBluetoothFirmware.kext */,
				F8F636112406C4AA00497626 /* IntelBluetoothInjector.kext */,
			);
			name = Products;
			sourceTree = "<group>";
		};
		F834E417237C20FF000CB269 /* IntelBluetoothFirmware */ = {
			isa = PBXGroup;
			children = (
				F834911923AF9B3C00551995 /* FWData.h */,
				F8BD1B3C2396ACAB0088EBE4 /* Log.h */,
				F834E422237C2FF1000CB269 /* fw */,
				F834E418237C20FF000CB269 /* IntelBluetoothFirmware.hpp */,
				F834E41A237C20FF000CB269 /* IntelBluetoothFirmware.cpp */,
				F834E41C237C20FF000CB269 /* Info.plist */,
				F8C3BFCC2380DA75006000F5 /* BtIntel.h */,
				F8C3BFCD2380DB0D006000F5 /* BtIntel.cpp */,
				F8C3BFCF2380E5FC006000F5 /* Hci.h */,
			);
			path = IntelBluetoothFirmware;
			sourceTree = "<group>";
		};
		F834E422237C2FF1000CB269 /* fw */ = {
			isa = PBXGroup;
			children = (
				F8C2EC2A2407F44B007A9422 /* ibt-11-5.sfi */,
				F8C2EC242407F44A007A9422 /* ibt-12-16.sfi */,
				F8C2EC122407F448007A9422 /* ibt-17-0-1.sfi */,
				F8C2EC1B2407F449007A9422 /* ibt-17-1.sfi */,
				F8C2EC172407F449007A9422 /* ibt-17-2.sfi */,
				F8C2EC252407F44A007A9422 /* ibt-17-16-1.sfi */,
				F8C2EC1E2407F449007A9422 /* ibt-18-0-1.sfi */,
				F8C2EC232407F44A007A9422 /* ibt-18-1.sfi */,
				F8C2EC2C2407F44B007A9422 /* ibt-18-2.sfi */,
				F8C2EC0F2407F448007A9422 /* ibt-18-16-1.sfi */,
				F8C2EC202407F44A007A9422 /* ibt-19-0-0.sfi */,
				F8C2EC152407F448007A9422 /* ibt-19-0-1.sfi */,
				F8C2EC102407F448007A9422 /* ibt-19-0-4.sfi */,
				F8C2EC142407F448007A9422 /* ibt-19-16-4.sfi */,
				F8C2EC132407F448007A9422 /* ibt-19-32-0.sfi */,
				F8C2EC192407F449007A9422 /* ibt-19-32-1.sfi */,
				F8C2EC182407F449007A9422 /* ibt-19-32-4.sfi */,
				F8C2EC222407F44A007A9422 /* ibt-19-240-1.sfi */,
				F8C2EC1D2407F449007A9422 /* ibt-19-240-4.sfi */,
				F8C2EC112407F448007A9422 /* ibt-20-0-3.sfi */,
				F8C2EC2B2407F44B007A9422 /* ibt-20-1-3.sfi */,
				F8C2EC1A2407F449007A9422 /* ibt-20-1-4.sfi */,
				F8C2EC1C2407F449007A9422 /* ibt-hw-37.7.10-fw-1.0.1.2d.d.bseq */,
				F8C2EC1F2407F44A007A9422 /* ibt-hw-37.7.10-fw-1.0.2.3.d.bseq */,
				F8C2EC292407F44A007A9422 /* ibt-hw-37.7.10-fw-1.80.1.2d.d.bseq */,
				F8C2EC262407F44A007A9422 /* ibt-hw-37.7.10-fw-1.80.2.3.d.bseq */,
				F8C2EC212407F44A007A9422 /* ibt-hw-37.7.bseq */,
				F8C2EC162407F449007A9422 /* ibt-hw-37.8.10-fw-1.10.2.27.d.bseq */,
				F8C2EC272407F44A007A9422 /* ibt-hw-37.8.10-fw-1.10.3.11.e.bseq */,
				F8C2EC2D2407F44B007A9422 /* ibt-hw-37.8.10-fw-22.50.19.14.f.bseq */,
				F8C2EC282407F44A007A9422 /* ibt-hw-37.8.bseq */,
			);
			path = fw;
			sourceTree = "<group>";
		};
		F8F636122406C4AA00497626 /* IntelBluetoothInjector */ = {
			isa = PBXGroup;
			children = (
				F8F636172406C4AA00497626 /* Info.plist */,
			);
			path = IntelBluetoothInjector;
			sourceTree = "<group>";
		};
/* End PBXGroup section */

/* Begin PBXHeadersBuildPhase section */
		F834E410237C20FF000CB269 /* Headers */ = {
			isa = PBXHeadersBuildPhase;
			buildActionMask = 2147483647;
			files = (
				F834E419237C20FF000CB269 /* IntelBluetoothFirmware.hpp in Headers */,
			);
			runOnlyForDeploymentPostprocessing = 0;
		};
		F8F6360C2406C4AA00497626 /* Headers */ = {
			isa = PBXHeadersBuildPhase;
			buildActionMask = 2147483647;
			files = (
			);
			runOnlyForDeploymentPostprocessing = 0;
		};
/* End PBXHeadersBuildPhase section */

/* Begin PBXLegacyTarget section */
		F831F1932406B3DF00DD1390 /* FB */ = {
			isa = PBXLegacyTarget;
			buildArgumentsString = "$(ACTION)";
			buildConfigurationList = F831F1942406B3DF00DD1390 /* Build configuration list for PBXLegacyTarget "FB" */;
			buildPhases = (
			);
			buildToolPath = "$(PROJECT_DIR)/fw_gen.sh";
			dependencies = (
			);
			name = FB;
			passBuildSettingsInEnvironment = 1;
			productName = FB;
		};
/* End PBXLegacyTarget section */

/* Begin PBXNativeTarget section */
		F834E414237C20FF000CB269 /* IntelBluetoothFirmware */ = {
			isa = PBXNativeTarget;
			buildConfigurationList = F834E41F237C20FF000CB269 /* Build configuration list for PBXNativeTarget "IntelBluetoothFirmware" */;
			buildPhases = (
				F834E410237C20FF000CB269 /* Headers */,
				F834E411237C20FF000CB269 /* Sources */,
				F834E412237C20FF000CB269 /* Frameworks */,
				F834E413237C20FF000CB269 /* Resources */,
			);
			buildRules = (
			);
			dependencies = (
			);
			name = IntelBluetoothFirmware;
			productName = IntelBluetoothFirmware;
			productReference = F834E415237C20FF000CB269 /* IntelBluetoothFirmware.kext */;
			productType = "com.apple.product-type.kernel-extension";
		};
		F8F636102406C4AA00497626 /* IntelBluetoothInjector */ = {
			isa = PBXNativeTarget;
			buildConfigurationList = F8F636182406C4AA00497626 /* Build configuration list for PBXNativeTarget "IntelBluetoothInjector" */;
			buildPhases = (
				F8F6360C2406C4AA00497626 /* Headers */,
				F8F6360D2406C4AA00497626 /* Sources */,
				F8F6360E2406C4AA00497626 /* Frameworks */,
				F8F6360F2406C4AA00497626 /* Resources */,
			);
			buildRules = (
			);
			dependencies = (
			);
			name = IntelBluetoothInjector;
			productName = IntelBluetoothInjector;
			productReference = F8F636112406C4AA00497626 /* IntelBluetoothInjector.kext */;
			productType = "com.apple.product-type.kernel-extension";
		};
/* End PBXNativeTarget section */

/* Begin PBXProject section */
		F834E40C237C20FF000CB269 /* Project object */ = {
			isa = PBXProject;
			attributes = {
				LastUpgradeCheck = 1110;
				ORGANIZATIONNAME = zxystd;
				TargetAttributes = {
					F831F1932406B3DF00DD1390 = {
						CreatedOnToolsVersion = 11.1;
					};
					F834E414237C20FF000CB269 = {
						CreatedOnToolsVersion = 11.1;
					};
					F8F636102406C4AA00497626 = {
						CreatedOnToolsVersion = 11.1;
					};
				};
			};
			buildConfigurationList = F834E40F237C20FF000CB269 /* Build configuration list for PBXProject "IntelBluetoothFirmware" */;
			compatibilityVersion = "Xcode 9.3";
			developmentRegion = en;
			hasScannedForEncodings = 0;
			knownRegions = (
				en,
				Base,
			);
			mainGroup = F834E40B237C20FF000CB269;
			productRefGroup = F834E416237C20FF000CB269 /* Products */;
			projectDirPath = "";
			projectRoot = "";
			targets = (
				F831F1932406B3DF00DD1390 /* FB */,
				F834E414237C20FF000CB269 /* IntelBluetoothFirmware */,
				F8F636102406C4AA00497626 /* IntelBluetoothInjector */,
			);
		};
/* End PBXProject section */

/* Begin PBXResourcesBuildPhase section */
		F834E413237C20FF000CB269 /* Resources */ = {
			isa = PBXResourcesBuildPhase;
			buildActionMask = 2147483647;
			files = (
			);
			runOnlyForDeploymentPostprocessing = 0;
		};
		F8F6360F2406C4AA00497626 /* Resources */ = {
			isa = PBXResourcesBuildPhase;
			buildActionMask = 2147483647;
			files = (
			);
			runOnlyForDeploymentPostprocessing = 0;
		};
/* End PBXResourcesBuildPhase section */

/* Begin PBXSourcesBuildPhase section */
		F834E411237C20FF000CB269 /* Sources */ = {
			isa = PBXSourcesBuildPhase;
			buildActionMask = 2147483647;
			files = (
				F8C2411A2406C1160034107D /* FwBinary.cpp in Sources */,
				F8C3BFCE2380DB0D006000F5 /* BtIntel.cpp in Sources */,
				F834E41B237C20FF000CB269 /* IntelBluetoothFirmware.cpp in Sources */,
			);
			runOnlyForDeploymentPostprocessing = 0;
		};
		F8F6360D2406C4AA00497626 /* Sources */ = {
			isa = PBXSourcesBuildPhase;
			buildActionMask = 2147483647;
			files = (
			);
			runOnlyForDeploymentPostprocessing = 0;
		};
/* End PBXSourcesBuildPhase section */

/* Begin XCBuildConfiguration section */
		F831F1952406B3DF00DD1390 /* Debug */ = {
			isa = XCBuildConfiguration;
			buildSettings = {
				CODE_SIGN_STYLE = Automatic;
				DEBUGGING_SYMBOLS = YES;
				DEBUG_INFORMATION_FORMAT = dwarf;
				DEVELOPMENT_TEAM = YXX7XALBVX;
				GCC_GENERATE_DEBUGGING_SYMBOLS = YES;
				GCC_OPTIMIZATION_LEVEL = 0;
				OTHER_CFLAGS = "";
				OTHER_LDFLAGS = "";
				PRODUCT_NAME = "$(TARGET_NAME)";
				SDKROOT = macos;
			};
			name = Debug;
		};
		F831F1962406B3DF00DD1390 /* Release */ = {
			isa = XCBuildConfiguration;
			buildSettings = {
				CODE_SIGN_STYLE = Automatic;
				DEBUG_INFORMATION_FORMAT = "dwarf-with-dsym";
				DEVELOPMENT_TEAM = YXX7XALBVX;
				OTHER_CFLAGS = "";
				OTHER_LDFLAGS = "";
				PRODUCT_NAME = "$(TARGET_NAME)";
				SDKROOT = macos;
			};
			name = Release;
		};
		F834E41D237C20FF000CB269 /* Debug */ = {
			isa = XCBuildConfiguration;
			buildSettings = {
				ALWAYS_SEARCH_USER_PATHS = NO;
				CLANG_ANALYZER_NONNULL = YES;
				CLANG_ANALYZER_NUMBER_OBJECT_CONVERSION = YES_AGGRESSIVE;
				CLANG_CXX_LANGUAGE_STANDARD = "gnu++14";
				CLANG_CXX_LIBRARY = "libc++";
				CLANG_ENABLE_MODULES = YES;
				CLANG_ENABLE_OBJC_ARC = YES;
				CLANG_ENABLE_OBJC_WEAK = YES;
				CLANG_WARN_BLOCK_CAPTURE_AUTORELEASING = YES;
				CLANG_WARN_BOOL_CONVERSION = YES;
				CLANG_WARN_COMMA = YES;
				CLANG_WARN_CONSTANT_CONVERSION = YES;
				CLANG_WARN_DEPRECATED_OBJC_IMPLEMENTATIONS = YES;
				CLANG_WARN_DIRECT_OBJC_ISA_USAGE = YES_ERROR;
				CLANG_WARN_DOCUMENTATION_COMMENTS = YES;
				CLANG_WARN_EMPTY_BODY = YES;
				CLANG_WARN_ENUM_CONVERSION = YES;
				CLANG_WARN_INFINITE_RECURSION = YES;
				CLANG_WARN_INT_CONVERSION = YES;
				CLANG_WARN_NON_LITERAL_NULL_CONVERSION = YES;
				CLANG_WARN_OBJC_IMPLICIT_RETAIN_SELF = YES;
				CLANG_WARN_OBJC_LITERAL_CONVERSION = YES;
				CLANG_WARN_OBJC_ROOT_CLASS = YES_ERROR;
				CLANG_WARN_RANGE_LOOP_ANALYSIS = YES;
				CLANG_WARN_STRICT_PROTOTYPES = YES;
				CLANG_WARN_SUSPICIOUS_MOVE = YES;
				CLANG_WARN_UNGUARDED_AVAILABILITY = YES_AGGRESSIVE;
				CLANG_WARN_UNREACHABLE_CODE = YES;
				CLANG_WARN__DUPLICATE_METHOD_MATCH = YES;
				COPY_PHASE_STRIP = NO;
				DEBUG_INFORMATION_FORMAT = dwarf;
				ENABLE_STRICT_OBJC_MSGSEND = YES;
				ENABLE_TESTABILITY = YES;
				GCC_C_LANGUAGE_STANDARD = gnu11;
				GCC_DYNAMIC_NO_PIC = NO;
				GCC_NO_COMMON_BLOCKS = YES;
				GCC_OPTIMIZATION_LEVEL = 0;
				GCC_PREPROCESSOR_DEFINITIONS = (
					"DEBUG=1",
					"$(inherited)",
				);
				GCC_WARN_64_TO_32_BIT_CONVERSION = YES;
				GCC_WARN_ABOUT_RETURN_TYPE = YES_ERROR;
				GCC_WARN_UNDECLARED_SELECTOR = YES;
				GCC_WARN_UNINITIALIZED_AUTOS = YES_AGGRESSIVE;
				GCC_WARN_UNUSED_FUNCTION = YES;
				GCC_WARN_UNUSED_VARIABLE = YES;
				MACOSX_DEPLOYMENT_TARGET = 10.14;
				MTL_ENABLE_DEBUG_INFO = INCLUDE_SOURCE;
				MTL_FAST_MATH = YES;
				ONLY_ACTIVE_ARCH = YES;
				SDKROOT = macosx10.12;
			};
			name = Debug;
		};
		F834E41E237C20FF000CB269 /* Release */ = {
			isa = XCBuildConfiguration;
			buildSettings = {
				ALWAYS_SEARCH_USER_PATHS = NO;
				CLANG_ANALYZER_NONNULL = YES;
				CLANG_ANALYZER_NUMBER_OBJECT_CONVERSION = YES_AGGRESSIVE;
				CLANG_CXX_LANGUAGE_STANDARD = "gnu++14";
				CLANG_CXX_LIBRARY = "libc++";
				CLANG_ENABLE_MODULES = YES;
				CLANG_ENABLE_OBJC_ARC = YES;
				CLANG_ENABLE_OBJC_WEAK = YES;
				CLANG_WARN_BLOCK_CAPTURE_AUTORELEASING = YES;
				CLANG_WARN_BOOL_CONVERSION = YES;
				CLANG_WARN_COMMA = YES;
				CLANG_WARN_CONSTANT_CONVERSION = YES;
				CLANG_WARN_DEPRECATED_OBJC_IMPLEMENTATIONS = YES;
				CLANG_WARN_DIRECT_OBJC_ISA_USAGE = YES_ERROR;
				CLANG_WARN_DOCUMENTATION_COMMENTS = YES;
				CLANG_WARN_EMPTY_BODY = YES;
				CLANG_WARN_ENUM_CONVERSION = YES;
				CLANG_WARN_INFINITE_RECURSION = YES;
				CLANG_WARN_INT_CONVERSION = YES;
				CLANG_WARN_NON_LITERAL_NULL_CONVERSION = YES;
				CLANG_WARN_OBJC_IMPLICIT_RETAIN_SELF = YES;
				CLANG_WARN_OBJC_LITERAL_CONVERSION = YES;
				CLANG_WARN_OBJC_ROOT_CLASS = YES_ERROR;
				CLANG_WARN_RANGE_LOOP_ANALYSIS = YES;
				CLANG_WARN_STRICT_PROTOTYPES = YES;
				CLANG_WARN_SUSPICIOUS_MOVE = YES;
				CLANG_WARN_UNGUARDED_AVAILABILITY = YES_AGGRESSIVE;
				CLANG_WARN_UNREACHABLE_CODE = YES;
				CLANG_WARN__DUPLICATE_METHOD_MATCH = YES;
				COPY_PHASE_STRIP = NO;
				DEBUG_INFORMATION_FORMAT = "dwarf-with-dsym";
				ENABLE_NS_ASSERTIONS = NO;
				ENABLE_STRICT_OBJC_MSGSEND = YES;
				GCC_C_LANGUAGE_STANDARD = gnu11;
				GCC_NO_COMMON_BLOCKS = YES;
				GCC_WARN_64_TO_32_BIT_CONVERSION = YES;
				GCC_WARN_ABOUT_RETURN_TYPE = YES_ERROR;
				GCC_WARN_UNDECLARED_SELECTOR = YES;
				GCC_WARN_UNINITIALIZED_AUTOS = YES_AGGRESSIVE;
				GCC_WARN_UNUSED_FUNCTION = YES;
				GCC_WARN_UNUSED_VARIABLE = YES;
				MACOSX_DEPLOYMENT_TARGET = 10.14;
				MTL_ENABLE_DEBUG_INFO = NO;
				MTL_FAST_MATH = YES;
				SDKROOT = macosx10.12;
			};
			name = Release;
		};
		F834E420237C20FF000CB269 /* Debug */ = {
			isa = XCBuildConfiguration;
			buildSettings = {
				ARCHS = x86_64;
				CODE_SIGN_STYLE = Manual;
				COMBINE_HIDPI_IMAGES = NO;
				CURRENT_PROJECT_VERSION = 1.1.2;
				DEVELOPMENT_TEAM = "";
				INFOPLIST_FILE = IntelBluetoothFirmware/Info.plist;
				MACOSX_DEPLOYMENT_TARGET = 10.12;
				MARKETING_VERSION = 1.1.2;
				MODULE_NAME = com.zxystd.IntelBluetoothFirmware;
				MODULE_VERSION = 1.1.0;
				PRODUCT_BUNDLE_IDENTIFIER = com.zxystd.IntelBluetoothFirmware;
				PRODUCT_NAME = "$(TARGET_NAME)";
				PROVISIONING_PROFILE_SPECIFIER = "";
				SDKROOT = macosx10.12;
				SUPPORTED_PLATFORMS = macosx;
				WRAPPER_EXTENSION = kext;
			};
			name = Debug;
		};
		F834E421237C20FF000CB269 /* Release */ = {
			isa = XCBuildConfiguration;
			buildSettings = {
				ARCHS = x86_64;
				CODE_SIGN_STYLE = Manual;
				COMBINE_HIDPI_IMAGES = NO;
				CURRENT_PROJECT_VERSION = 1.1.2;
				DEVELOPMENT_TEAM = "";
				INFOPLIST_FILE = IntelBluetoothFirmware/Info.plist;
				MACOSX_DEPLOYMENT_TARGET = 10.12;
				MARKETING_VERSION = 1.1.2;
				MODULE_NAME = com.zxystd.IntelBluetoothFirmware;
				MODULE_VERSION = 1.1.0;
				PRODUCT_BUNDLE_IDENTIFIER = com.zxystd.IntelBluetoothFirmware;
				PRODUCT_NAME = "$(TARGET_NAME)";
				PROVISIONING_PROFILE_SPECIFIER = "";
				SDKROOT = macosx10.12;
				SUPPORTED_PLATFORMS = macosx;
				WRAPPER_EXTENSION = kext;
			};
			name = Release;
		};
		F8F636192406C4AA00497626 /* Debug */ = {
			isa = XCBuildConfiguration;
			buildSettings = {
				ARCHS = x86_64;
				CODE_SIGN_STYLE = Manual;
				COMBINE_HIDPI_IMAGES = YES;
				CURRENT_PROJECT_VERSION = 1.1.2;
				DEVELOPMENT_TEAM = "";
				INFOPLIST_FILE = IntelBluetoothInjector/Info.plist;
				MACOSX_DEPLOYMENT_TARGET = 10.12;
				MARKETING_VERSION = 1.1.2;
				MODULE_NAME = com.zxystd.IntelBluetoothInjector;
				MODULE_VERSION = 1.0.0d1;
				PRODUCT_BUNDLE_IDENTIFIER = com.zxystd.IntelBluetoothInjector;
				PRODUCT_NAME = "$(TARGET_NAME)";
				PROVISIONING_PROFILE_SPECIFIER = "";
				SDKROOT = macosx10.12;
				WRAPPER_EXTENSION = kext;
			};
			name = Debug;
		};
		F8F6361A2406C4AA00497626 /* Release */ = {
			isa = XCBuildConfiguration;
			buildSettings = {
				ARCHS = x86_64;
				CODE_SIGN_STYLE = Manual;
				COMBINE_HIDPI_IMAGES = YES;
				CURRENT_PROJECT_VERSION = 1.1.2;
				DEVELOPMENT_TEAM = "";
				INFOPLIST_FILE = IntelBluetoothInjector/Info.plist;
				MACOSX_DEPLOYMENT_TARGET = 10.12;
				MARKETING_VERSION = 1.1.2;
				MODULE_NAME = com.zxystd.IntelBluetoothInjector;
				MODULE_VERSION = 1.0.0d1;
				PRODUCT_BUNDLE_IDENTIFIER = com.zxystd.IntelBluetoothInjector;
				PRODUCT_NAME = "$(TARGET_NAME)";
				PROVISIONING_PROFILE_SPECIFIER = "";
				SDKROOT = macosx10.12;
				WRAPPER_EXTENSION = kext;
			};
			name = Release;
		};
/* End XCBuildConfiguration section */

/* Begin XCConfigurationList section */
		F831F1942406B3DF00DD1390 /* Build configuration list for PBXLegacyTarget "FB" */ = {
			isa = XCConfigurationList;
			buildConfigurations = (
				F831F1952406B3DF00DD1390 /* Debug */,
				F831F1962406B3DF00DD1390 /* Release */,
			);
			defaultConfigurationIsVisible = 0;
			defaultConfigurationName = Release;
		};
		F834E40F237C20FF000CB269 /* Build configuration list for PBXProject "IntelBluetoothFirmware" */ = {
			isa = XCConfigurationList;
			buildConfigurations = (
				F834E41D237C20FF000CB269 /* Debug */,
				F834E41E237C20FF000CB269 /* Release */,
			);
			defaultConfigurationIsVisible = 0;
			defaultConfigurationName = Release;
		};
		F834E41F237C20FF000CB269 /* Build configuration list for PBXNativeTarget "IntelBluetoothFirmware" */ = {
			isa = XCConfigurationList;
			buildConfigurations = (
				F834E420237C20FF000CB269 /* Debug */,
				F834E421237C20FF000CB269 /* Release */,
			);
			defaultConfigurationIsVisible = 0;
			defaultConfigurationName = Release;
		};
		F8F636182406C4AA00497626 /* Build configuration list for PBXNativeTarget "IntelBluetoothInjector" */ = {
			isa = XCConfigurationList;
			buildConfigurations = (
				F8F636192406C4AA00497626 /* Debug */,
				F8F6361A2406C4AA00497626 /* Release */,
			);
			defaultConfigurationIsVisible = 0;
			defaultConfigurationName = Release;
		};
/* End XCConfigurationList section */
	};
	rootObject = F834E40C237C20FF000CB269 /* Project object */;
}
